// !$*UTF8*$!
{
	archiveVersion = 1;
	classes = {
	};
	objectVersion = 46;
	objects = {

/* Begin PBXBuildFile section */
		C7381F321B7A80FC00734D2E /* main.m in Sources */ = {isa = PBXBuildFile; fileRef = C7381F311B7A80FC00734D2E /* main.m */; };
		C7381F351B7A80FC00734D2E /* AppDelegate.m in Sources */ = {isa = PBXBuildFile; fileRef = C7381F341B7A80FC00734D2E /* AppDelegate.m */; };
		C7381F381B7A80FC00734D2E /* ViewController.m in Sources */ = {isa = PBXBuildFile; fileRef = C7381F371B7A80FC00734D2E /* ViewController.m */; };
		C7381F3B1B7A80FC00734D2E /* Main.storyboard in Resources */ = {isa = PBXBuildFile; fileRef = C7381F391B7A80FC00734D2E /* Main.storyboard */; };
		C7381F3D1B7A80FC00734D2E /* Images.xcassets in Resources */ = {isa = PBXBuildFile; fileRef = C7381F3C1B7A80FC00734D2E /* Images.xcassets */; };
		C7381F401B7A80FC00734D2E /* LaunchScreen.xib in Resources */ = {isa = PBXBuildFile; fileRef = C7381F3E1B7A80FC00734D2E /* LaunchScreen.xib */; };
		C7381F4C1B7A80FD00734D2E /* aanativeTests.m in Sources */ = {isa = PBXBuildFile; fileRef = C7381F4B1B7A80FD00734D2E /* aanativeTests.m */; };
/* End PBXBuildFile section */

/* Begin PBXContainerItemProxy section */
		C7381F461B7A80FD00734D2E /* PBXContainerItemProxy */ = {
			isa = PBXContainerItemProxy;
			containerPortal = C7381F241B7A80FC00734D2E /* Project object */;
			proxyType = 1;
			remoteGlobalIDString = C7381F2B1B7A80FC00734D2E;
			remoteInfo = aanative;
		};
/* End PBXContainerItemProxy section */

/* Begin PBXFileReference section */
		C7381F2C1B7A80FC00734D2E /* aanative.app */ = {isa = PBXFileReference; explicitFileType = wrapper.application; includeInIndex = 0; path = aanative.app; sourceTree = BUILT_PRODUCTS_DIR; };
		C7381F301B7A80FC00734D2E /* Info.plist */ = {isa = PBXFileReference; lastKnownFileType = text.plist.xml; path = Info.plist; sourceTree = "<group>"; };
		C7381F311B7A80FC00734D2E /* main.m */ = {isa = PBXFileReference; lastKnownFileType = sourcecode.c.objc; path = main.m; sourceTree = "<group>"; };
		C7381F331B7A80FC00734D2E /* AppDelegate.h */ = {isa = PBXFileReference; lastKnownFileType = sourcecode.c.h; path = AppDelegate.h; sourceTree = "<group>"; };
		C7381F341B7A80FC00734D2E /* AppDelegate.m */ = {isa = PBXFileReference; lastKnownFileType = sourcecode.c.objc; path = AppDelegate.m; sourceTree = "<group>"; };
		C7381F361B7A80FC00734D2E /* ViewController.h */ = {isa = PBXFileReference; lastKnownFileType = sourcecode.c.h; path = ViewController.h; sourceTree = "<group>"; };
		C7381F371B7A80FC00734D2E /* ViewController.m */ = {isa = PBXFileReference; lastKnownFileType = sourcecode.c.objc; path = ViewController.m; sourceTree = "<group>"; };
		C7381F3A1B7A80FC00734D2E /* Base */ = {isa = PBXFileReference; lastKnownFileType = file.storyboard; name = Base; path = Base.lproj/Main.storyboard; sourceTree = "<group>"; };
		C7381F3C1B7A80FC00734D2E /* Images.xcassets */ = {isa = PBXFileReference; lastKnownFileType = folder.assetcatalog; path = Images.xcassets; sourceTree = "<group>"; };
		C7381F3F1B7A80FC00734D2E /* Base */ = {isa = PBXFileReference; lastKnownFileType = file.xib; name = Base; path = Base.lproj/LaunchScreen.xib; sourceTree = "<group>"; };
		C7381F451B7A80FD00734D2E /* aanativeTests.xctest */ = {isa = PBXFileReference; explicitFileType = wrapper.cfbundle; includeInIndex = 0; path = aanativeTests.xctest; sourceTree = BUILT_PRODUCTS_DIR; };
		C7381F4A1B7A80FD00734D2E /* Info.plist */ = {isa = PBXFileReference; lastKnownFileType = text.plist.xml; path = Info.plist; sourceTree = "<group>"; };
		C7381F4B1B7A80FD00734D2E /* aanativeTests.m */ = {isa = PBXFileReference; lastKnownFileType = sourcecode.c.objc; path = aanativeTests.m; sourceTree = "<group>"; };
/* End PBXFileReference section */

/* Begin PBXFrameworksBuildPhase section */
		C7381F291B7A80FC00734D2E /* Frameworks */ = {
			isa = PBXFrameworksBuildPhase;
			buildActionMask = 2147483647;
			files = (
			);
			runOnlyForDeploymentPostprocessing = 0;
		};
		C7381F421B7A80FD00734D2E /* Frameworks */ = {
			isa = PBXFrameworksBuildPhase;
			buildActionMask = 2147483647;
			files = (
			);
			runOnlyForDeploymentPostprocessing = 0;
		};
/* End PBXFrameworksBuildPhase section */

/* Begin PBXGroup section */
		C7381F231B7A80FC00734D2E = {
			isa = PBXGroup;
			children = (
				C7381F2E1B7A80FC00734D2E /* aanative */,
				C7381F481B7A80FD00734D2E /* aanativeTests */,
				C7381F2D1B7A80FC00734D2E /* Products */,
			);
			sourceTree = "<group>";
		};
		C7381F2D1B7A80FC00734D2E /* Products */ = {
			isa = PBXGroup;
			children = (
				C7381F2C1B7A80FC00734D2E /* aanative.app */,
				C7381F451B7A80FD00734D2E /* aanativeTests.xctest */,
			);
			name = Products;
			sourceTree = "<group>";
		};
		C7381F2E1B7A80FC00734D2E /* aanative */ = {
			isa = PBXGroup;
			children = (
				C7381F331B7A80FC00734D2E /* AppDelegate.h */,
				C7381F341B7A80FC00734D2E /* AppDelegate.m */,
				C7381F361B7A80FC00734D2E /* ViewController.h */,
				C7381F371B7A80FC00734D2E /* ViewController.m */,
				C7381F391B7A80FC00734D2E /* Main.storyboard */,
				C7381F3C1B7A80FC00734D2E /* Images.xcassets */,
				C7381F3E1B7A80FC00734D2E /* LaunchScreen.xib */,
				C7381F2F1B7A80FC00734D2E /* Supporting Files */,
			);
			path = aanative;
			sourceTree = "<group>";
		};
		C7381F2F1B7A80FC00734D2E /* Supporting Files */ = {
			isa = PBXGroup;
			children = (
				C7381F301B7A80FC00734D2E /* Info.plist */,
				C7381F311B7A80FC00734D2E /* main.m */,
			);
			name = "Supporting Files";
			sourceTree = "<group>";
		};
		C7381F481B7A80FD00734D2E /* aanativeTests */ = {
			isa = PBXGroup;
			children = (
				C7381F4B1B7A80FD00734D2E /* aanativeTests.m */,
				C7381F491B7A80FD00734D2E /* Supporting Files */,
			);
			path = aanativeTests;
			sourceTree = "<group>";
		};
		C7381F491B7A80FD00734D2E /* Supporting Files */ = {
			isa = PBXGroup;
			children = (
				C7381F4A1B7A80FD00734D2E /* Info.plist */,
			);
			name = "Supporting Files";
			sourceTree = "<group>";
		};
/* End PBXGroup section */

/* Begin PBXNativeTarget section */
		C7381F2B1B7A80FC00734D2E /* aanative */ = {
			isa = PBXNativeTarget;
			buildConfigurationList = C7381F4F1B7A80FD00734D2E /* Build configuration list for PBXNativeTarget "aanative" */;
			buildPhases = (
				C7381F281B7A80FC00734D2E /* Sources */,
				C7381F291B7A80FC00734D2E /* Frameworks */,
				C7381F2A1B7A80FC00734D2E /* Resources */,
			);
			buildRules = (
			);
			dependencies = (
			);
			name = aanative;
			productName = aanative;
			productReference = C7381F2C1B7A80FC00734D2E /* aanative.app */;
			productType = "com.apple.product-type.application";
		};
		C7381F441B7A80FD00734D2E /* aanativeTests */ = {
			isa = PBXNativeTarget;
			buildConfigurationList = C7381F521B7A80FD00734D2E /* Build configuration list for PBXNativeTarget "aanativeTests" */;
			buildPhases = (
				C7381F411B7A80FD00734D2E /* Sources */,
				C7381F421B7A80FD00734D2E /* Frameworks */,
				C7381F431B7A80FD00734D2E /* Resources */,
			);
			buildRules = (
			);
			dependencies = (
				C7381F471B7A80FD00734D2E /* PBXTargetDependency */,
			);
			name = aanativeTests;
			productName = aanativeTests;
			productReference = C7381F451B7A80FD00734D2E /* aanativeTests.xctest */;
			productType = "com.apple.product-type.bundle.unit-test";
		};
/* End PBXNativeTarget section */

/* Begin PBXProject section */
		C7381F241B7A80FC00734D2E /* Project object */ = {
			isa = PBXProject;
			attributes = {
				LastUpgradeCheck = 0620;
				ORGANIZATIONNAME = "Austin Alter";
				TargetAttributes = {
					C7381F2B1B7A80FC00734D2E = {
						CreatedOnToolsVersion = 6.2;
					};
					C7381F441B7A80FD00734D2E = {
						CreatedOnToolsVersion = 6.2;
						TestTargetID = C7381F2B1B7A80FC00734D2E;
					};
				};
			};
			buildConfigurationList = C7381F271B7A80FC00734D2E /* Build configuration list for PBXProject "aanative" */;
			compatibilityVersion = "Xcode 3.2";
			developmentRegion = English;
			hasScannedForEncodings = 0;
			knownRegions = (
				en,
				Base,
			);
			mainGroup = C7381F231B7A80FC00734D2E;
			productRefGroup = C7381F2D1B7A80FC00734D2E /* Products */;
			projectDirPath = "";
			projectRoot = "";
			targets = (
				C7381F2B1B7A80FC00734D2E /* aanative */,
				C7381F441B7A80FD00734D2E /* aanativeTests */,
			);
		};
/* End PBXProject section */

/* Begin PBXResourcesBuildPhase section */
		C7381F2A1B7A80FC00734D2E /* Resources */ = {
			isa = PBXResourcesBuildPhase;
			buildActionMask = 2147483647;
			files = (
				C7381F3B1B7A80FC00734D2E /* Main.storyboard in Resources */,
				C7381F401B7A80FC00734D2E /* LaunchScreen.xib in Resources */,
				C7381F3D1B7A80FC00734D2E /* Images.xcassets in Resources */,
			);
			runOnlyForDeploymentPostprocessing = 0;
		};
		C7381F431B7A80FD00734D2E /* Resources */ = {
			isa = PBXResourcesBuildPhase;
			buildActionMask = 2147483647;
			files = (
			);
			runOnlyForDeploymentPostprocessing = 0;
		};
/* End PBXResourcesBuildPhase section */

/* Begin PBXSourcesBuildPhase section */
		C7381F281B7A80FC00734D2E /* Sources */ = {
			isa = PBXSourcesBuildPhase;
			buildActionMask = 2147483647;
			files = (
				C7381F381B7A80FC00734D2E /* ViewController.m in Sources */,
				C7381F351B7A80FC00734D2E /* AppDelegate.m in Sources */,
				C7381F321B7A80FC00734D2E /* main.m in Sources */,
			);
			runOnlyForDeploymentPostprocessing = 0;
		};
		C7381F411B7A80FD00734D2E /* Sources */ = {
			isa = PBXSourcesBuildPhase;
			buildActionMask = 2147483647;
			files = (
				C7381F4C1B7A80FD00734D2E /* aanativeTests.m in Sources */,
			);
			runOnlyForDeploymentPostprocessing = 0;
		};
/* End PBXSourcesBuildPhase section */

/* Begin PBXTargetDependency section */
		C7381F471B7A80FD00734D2E /* PBXTargetDependency */ = {
			isa = PBXTargetDependency;
			target = C7381F2B1B7A80FC00734D2E /* aanative */;
			targetProxy = C7381F461B7A80FD00734D2E /* PBXContainerItemProxy */;
		};
/* End PBXTargetDependency section */

/* Begin PBXVariantGroup section */
		C7381F391B7A80FC00734D2E /* Main.storyboard */ = {
			isa = PBXVariantGroup;
			children = (
				C7381F3A1B7A80FC00734D2E /* Base */,
			);
			name = Main.storyboard;
			sourceTree = "<group>";
		};
		C7381F3E1B7A80FC00734D2E /* LaunchScreen.xib */ = {
			isa = PBXVariantGroup;
			children = (
				C7381F3F1B7A80FC00734D2E /* Base */,
			);
			name = LaunchScreen.xib;
			sourceTree = "<group>";
		};
/* End PBXVariantGroup section */

/* Begin XCBuildConfiguration section */
		C7381F4D1B7A80FD00734D2E /* Debug */ = {
			isa = XCBuildConfiguration;
			buildSettings = {
				ALWAYS_SEARCH_USER_PATHS = NO;
				CLANG_CXX_LANGUAGE_STANDARD = "gnu++0x";
				CLANG_CXX_LIBRARY = "libc++";
				CLANG_ENABLE_MODULES = YES;
				CLANG_ENABLE_OBJC_ARC = YES;
				CLANG_WARN_BOOL_CONVERSION = YES;
				CLANG_WARN_CONSTANT_CONVERSION = YES;
				CLANG_WARN_DIRECT_OBJC_ISA_USAGE = YES_ERROR;
				CLANG_WARN_EMPTY_BODY = YES;
				CLANG_WARN_ENUM_CONVERSION = YES;
				CLANG_WARN_INT_CONVERSION = YES;
				CLANG_WARN_OBJC_ROOT_CLASS = YES_ERROR;
				CLANG_WARN_UNREACHABLE_CODE = YES;
				CLANG_WARN__DUPLICATE_METHOD_MATCH = YES;
				"CODE_SIGN_IDENTITY[sdk=iphoneos*]" = "iPhone Developer";
				COPY_PHASE_STRIP = NO;
				ENABLE_STRICT_OBJC_MSGSEND = YES;
				GCC_C_LANGUAGE_STANDARD = gnu99;
				GCC_DYNAMIC_NO_PIC = NO;
				GCC_OPTIMIZATION_LEVEL = 0;
				GCC_PREPROCESSOR_DEFINITIONS = (
					"DEBUG=1",
					"$(inherited)",
				);
				GCC_SYMBOLS_PRIVATE_EXTERN = NO;
				GCC_WARN_64_TO_32_BIT_CONVERSION = YES;
				GCC_WARN_ABOUT_RETURN_TYPE = YES_ERROR;
				GCC_WARN_UNDECLARED_SELECTOR = YES;
				GCC_WARN_UNINITIALIZED_AUTOS = YES_AGGRESSIVE;
				GCC_WARN_UNUSED_FUNCTION = YES;
				GCC_WARN_UNUSED_VARIABLE = YES;
				IPHONEOS_DEPLOYMENT_TARGET = 8.2;
				MTL_ENABLE_DEBUG_INFO = YES;
				ONLY_ACTIVE_ARCH = YES;
				SDKROOT = iphoneos;
				TARGETED_DEVICE_FAMILY = "1,2";
			};
			name = Debug;
		};
		C7381F4E1B7A80FD00734D2E /* Release */ = {
			isa = XCBuildConfiguration;
			buildSettings = {
				ALWAYS_SEARCH_USER_PATHS = NO;
				CLANG_CXX_LANGUAGE_STANDARD = "gnu++0x";
				CLANG_CXX_LIBRARY = "libc++";
				CLANG_ENABLE_MODULES = YES;
				CLANG_ENABLE_OBJC_ARC = YES;
				CLANG_WARN_BOOL_CONVERSION = YES;
				CLANG_WARN_CONSTANT_CONVERSION = YES;
				CLANG_WARN_DIRECT_OBJC_ISA_USAGE = YES_ERROR;
				CLANG_WARN_EMPTY_BODY = YES;
				CLANG_WARN_ENUM_CONVERSION = YES;
				CLANG_WARN_INT_CONVERSION = YES;
				CLANG_WARN_OBJC_ROOT_CLASS = YES_ERROR;
				CLANG_WARN_UNREACHABLE_CODE = YES;
				CLANG_WARN__DUPLICATE_METHOD_MATCH = YES;
				"CODE_SIGN_IDENTITY[sdk=iphoneos*]" = "iPhone Developer";
				COPY_PHASE_STRIP = NO;
				ENABLE_NS_ASSERTIONS = NO;
				ENABLE_STRICT_OBJC_MSGSEND = YES;
				GCC_C_LANGUAGE_STANDARD = gnu99;
				GCC_WARN_64_TO_32_BIT_CONVERSION = YES;
				GCC_WARN_ABOUT_RETURN_TYPE = YES_ERROR;
				GCC_WARN_UNDECLARED_SELECTOR = YES;
				GCC_WARN_UNINITIALIZED_AUTOS = YES_AGGRESSIVE;
				GCC_WARN_UNUSED_FUNCTION = YES;
				GCC_WARN_UNUSED_VARIABLE = YES;
				IPHONEOS_DEPLOYMENT_TARGET = 8.2;
				MTL_ENABLE_DEBUG_INFO = NO;
				SDKROOT = iphoneos;
				TARGETED_DEVICE_FAMILY = "1,2";
				VALIDATE_PRODUCT = YES;
			};
			name = Release;
		};
		C7381F501B7A80FD00734D2E /* Debug */ = {
			isa = XCBuildConfiguration;
			buildSettings = {
				ASSETCATALOG_COMPILER_APPICON_NAME = AppIcon;
				INFOPLIST_FILE = aanative/Info.plist;
				LD_RUNPATH_SEARCH_PATHS = "$(inherited) @executable_path/Frameworks";
				PRODUCT_NAME = "$(TARGET_NAME)";
			};
			name = Debug;
		};
		C7381F511B7A80FD00734D2E /* Release */ = {
			isa = XCBuildConfiguration;
			buildSettings = {
				ASSETCATALOG_COMPILER_APPICON_NAME = AppIcon;
				INFOPLIST_FILE = aanative/Info.plist;
				LD_RUNPATH_SEARCH_PATHS = "$(inherited) @executable_path/Frameworks";
				PRODUCT_NAME = "$(TARGET_NAME)";
			};
			name = Release;
		};
		C7381F531B7A80FD00734D2E /* Debug */ = {
			isa = XCBuildConfiguration;
			buildSettings = {
				BUNDLE_LOADER = "$(TEST_HOST)";
				FRAMEWORK_SEARCH_PATHS = (
					"$(SDKROOT)/Developer/Library/Frameworks",
					"$(inherited)",
				);
				GCC_PREPROCESSOR_DEFINITIONS = (
					"DEBUG=1",
					"$(inherited)",
				);
				INFOPLIST_FILE = aanativeTests/Info.plist;
				LD_RUNPATH_SEARCH_PATHS = "$(inherited) @executable_path/Frameworks @loader_path/Frameworks";
				PRODUCT_NAME = "$(TARGET_NAME)";
				TEST_HOST = "$(BUILT_PRODUCTS_DIR)/aanative.app/aanative";
			};
			name = Debug;
		};
		C7381F541B7A80FD00734D2E /* Release */ = {
			isa = XCBuildConfiguration;
			buildSettings = {
				BUNDLE_LOADER = "$(TEST_HOST)";
				FRAMEWORK_SEARCH_PATHS = (
					"$(SDKROOT)/Developer/Library/Frameworks",
					"$(inherited)",
				);
				INFOPLIST_FILE = aanativeTests/Info.plist;
				LD_RUNPATH_SEARCH_PATHS = "$(inherited) @executable_path/Frameworks @loader_path/Frameworks";
				PRODUCT_NAME = "$(TARGET_NAME)";
				TEST_HOST = "$(BUILT_PRODUCTS_DIR)/aanative.app/aanative";
			};
			name = Release;
		};
/* End XCBuildConfiguration section */

/* Begin XCConfigurationList section */
		C7381F271B7A80FC00734D2E /* Build configuration list for PBXProject "aanative" */ = {
			isa = XCConfigurationList;
			buildConfigurations = (
				C7381F4D1B7A80FD00734D2E /* Debug */,
				C7381F4E1B7A80FD00734D2E /* Release */,
			);
			defaultConfigurationIsVisible = 0;
			defaultConfigurationName = Release;
		};
		C7381F4F1B7A80FD00734D2E /* Build configuration list for PBXNativeTarget "aanative" */ = {
			isa = XCConfigurationList;
			buildConfigurations = (
				C7381F501B7A80FD00734D2E /* Debug */,
				C7381F511B7A80FD00734D2E /* Release */,
			);
			defaultConfigurationIsVisible = 0;
		};
		C7381F521B7A80FD00734D2E /* Build configuration list for PBXNativeTarget "aanativeTests" */ = {
			isa = XCConfigurationList;
			buildConfigurations = (
				C7381F531B7A80FD00734D2E /* Debug */,
				C7381F541B7A80FD00734D2E /* Release */,
			);
			defaultConfigurationIsVisible = 0;
		};
/* End XCConfigurationList section */
	};
	rootObject = C7381F241B7A80FC00734D2E /* Project object */;
}
